// !$*UTF8*$!
{
	archiveVersion = 1;
	classes = {
	};
	objectVersion = 55;
	objects = {

/* Begin PBXBuildFile section */
		558B7A76287DA2BC000DCDBB /* AppDelegate.swift in Sources */ = {isa = PBXBuildFile; fileRef = 558B7A75287DA2BC000DCDBB /* AppDelegate.swift */; };
		558B7A78287DA2BC000DCDBB /* SceneDelegate.swift in Sources */ = {isa = PBXBuildFile; fileRef = 558B7A77287DA2BC000DCDBB /* SceneDelegate.swift */; };
		558B7A7A287DA2BC000DCDBB /* ViewController.swift in Sources */ = {isa = PBXBuildFile; fileRef = 558B7A79287DA2BC000DCDBB /* ViewController.swift */; };
		558B7A7D287DA2BC000DCDBB /* Main.storyboard in Resources */ = {isa = PBXBuildFile; fileRef = 558B7A7B287DA2BC000DCDBB /* Main.storyboard */; };
		558B7A7F287DA2C0000DCDBB /* Assets.xcassets in Resources */ = {isa = PBXBuildFile; fileRef = 558B7A7E287DA2C0000DCDBB /* Assets.xcassets */; };
		558B7A82287DA2C0000DCDBB /* LaunchScreen.storyboard in Resources */ = {isa = PBXBuildFile; fileRef = 558B7A80287DA2C0000DCDBB /* LaunchScreen.storyboard */; };
		558B7A8A287DA535000DCDBB /* SimpleController.swift in Sources */ = {isa = PBXBuildFile; fileRef = 558B7A89287DA535000DCDBB /* SimpleController.swift */; };
		558B7A8C287DA8D0000DCDBB /* ThirdController.swift in Sources */ = {isa = PBXBuildFile; fileRef = 558B7A8B287DA8D0000DCDBB /* ThirdController.swift */; };
		558B7A8E287DB49B000DCDBB /* NoStoryBoardController.swift in Sources */ = {isa = PBXBuildFile; fileRef = 558B7A8D287DB49B000DCDBB /* NoStoryBoardController.swift */; };
		558B7A90287DC078000DCDBB /* AvecNavController.swift in Sources */ = {isa = PBXBuildFile; fileRef = 558B7A8F287DC078000DCDBB /* AvecNavController.swift */; };
/* End PBXBuildFile section */

/* Begin PBXFileReference section */
		558B7A72287DA2BC000DCDBB /* SwiftNavigation.app */ = {isa = PBXFileReference; explicitFileType = wrapper.application; includeInIndex = 0; path = SwiftNavigation.app; sourceTree = BUILT_PRODUCTS_DIR; };
		558B7A75287DA2BC000DCDBB /* AppDelegate.swift */ = {isa = PBXFileReference; lastKnownFileType = sourcecode.swift; path = AppDelegate.swift; sourceTree = "<group>"; };
		558B7A77287DA2BC000DCDBB /* SceneDelegate.swift */ = {isa = PBXFileReference; lastKnownFileType = sourcecode.swift; path = SceneDelegate.swift; sourceTree = "<group>"; };
		558B7A79287DA2BC000DCDBB /* ViewController.swift */ = {isa = PBXFileReference; lastKnownFileType = sourcecode.swift; path = ViewController.swift; sourceTree = "<group>"; };
		558B7A7C287DA2BC000DCDBB /* Base */ = {isa = PBXFileReference; lastKnownFileType = file.storyboard; name = Base; path = Base.lproj/Main.storyboard; sourceTree = "<group>"; };
		558B7A7E287DA2C0000DCDBB /* Assets.xcassets */ = {isa = PBXFileReference; lastKnownFileType = folder.assetcatalog; path = Assets.xcassets; sourceTree = "<group>"; };
		558B7A81287DA2C0000DCDBB /* Base */ = {isa = PBXFileReference; lastKnownFileType = file.storyboard; name = Base; path = Base.lproj/LaunchScreen.storyboard; sourceTree = "<group>"; };
		558B7A83287DA2C0000DCDBB /* Info.plist */ = {isa = PBXFileReference; lastKnownFileType = text.plist.xml; path = Info.plist; sourceTree = "<group>"; };
		558B7A89287DA535000DCDBB /* SimpleController.swift */ = {isa = PBXFileReference; lastKnownFileType = sourcecode.swift; path = SimpleController.swift; sourceTree = "<group>"; };
		558B7A8B287DA8D0000DCDBB /* ThirdController.swift */ = {isa = PBXFileReference; lastKnownFileType = sourcecode.swift; path = ThirdController.swift; sourceTree = "<group>"; };
		558B7A8D287DB49B000DCDBB /* NoStoryBoardController.swift */ = {isa = PBXFileReference; lastKnownFileType = sourcecode.swift; path = NoStoryBoardController.swift; sourceTree = "<group>"; };
		558B7A8F287DC078000DCDBB /* AvecNavController.swift */ = {isa = PBXFileReference; lastKnownFileType = sourcecode.swift; path = AvecNavController.swift; sourceTree = "<group>"; };
/* End PBXFileReference section */

/* Begin PBXFrameworksBuildPhase section */
		558B7A6F287DA2BC000DCDBB /* Frameworks */ = {
			isa = PBXFrameworksBuildPhase;
			buildActionMask = 2147483647;
			files = (
			);
			runOnlyForDeploymentPostprocessing = 0;
		};
/* End PBXFrameworksBuildPhase section */

/* Begin PBXGroup section */
		558B7A69287DA2BC000DCDBB = {
			isa = PBXGroup;
			children = (
				558B7A74287DA2BC000DCDBB /* SwiftNavigation */,
				558B7A73287DA2BC000DCDBB /* Products */,
			);
			sourceTree = "<group>";
		};
		558B7A73287DA2BC000DCDBB /* Products */ = {
			isa = PBXGroup;
			children = (
				558B7A72287DA2BC000DCDBB /* SwiftNavigation.app */,
			);
			name = Products;
			sourceTree = "<group>";
		};
		558B7A74287DA2BC000DCDBB /* SwiftNavigation */ = {
			isa = PBXGroup;
			children = (
				558B7A75287DA2BC000DCDBB /* AppDelegate.swift */,
				558B7A77287DA2BC000DCDBB /* SceneDelegate.swift */,
				558B7A79287DA2BC000DCDBB /* ViewController.swift */,
				558B7A7B287DA2BC000DCDBB /* Main.storyboard */,
				558B7A7E287DA2C0000DCDBB /* Assets.xcassets */,
				558B7A80287DA2C0000DCDBB /* LaunchScreen.storyboard */,
				558B7A83287DA2C0000DCDBB /* Info.plist */,
				558B7A89287DA535000DCDBB /* SimpleController.swift */,
				558B7A8B287DA8D0000DCDBB /* ThirdController.swift */,
				558B7A8D287DB49B000DCDBB /* NoStoryBoardController.swift */,
				558B7A8F287DC078000DCDBB /* AvecNavController.swift */,
			);
			path = SwiftNavigation;
			sourceTree = "<group>";
		};
/* End PBXGroup section */

/* Begin PBXNativeTarget section */
		558B7A71287DA2BC000DCDBB /* SwiftNavigation */ = {
			isa = PBXNativeTarget;
			buildConfigurationList = 558B7A86287DA2C0000DCDBB /* Build configuration list for PBXNativeTarget "SwiftNavigation" */;
			buildPhases = (
				558B7A6E287DA2BC000DCDBB /* Sources */,
				558B7A6F287DA2BC000DCDBB /* Frameworks */,
				558B7A70287DA2BC000DCDBB /* Resources */,
			);
			buildRules = (
			);
			dependencies = (
			);
			name = SwiftNavigation;
			productName = SwiftNavigation;
			productReference = 558B7A72287DA2BC000DCDBB /* SwiftNavigation.app */;
			productType = "com.apple.product-type.application";
		};
/* End PBXNativeTarget section */

/* Begin PBXProject section */
		558B7A6A287DA2BC000DCDBB /* Project object */ = {
			isa = PBXProject;
			attributes = {
				BuildIndependentTargetsInParallel = 1;
				LastSwiftUpdateCheck = 1340;
				LastUpgradeCheck = 1340;
				TargetAttributes = {
					558B7A71287DA2BC000DCDBB = {
						CreatedOnToolsVersion = 13.4.1;
					};
				};
			};
			buildConfigurationList = 558B7A6D287DA2BC000DCDBB /* Build configuration list for PBXProject "SwiftNavigation" */;
			compatibilityVersion = "Xcode 13.0";
			developmentRegion = en;
			hasScannedForEncodings = 0;
			knownRegions = (
				en,
				Base,
			);
			mainGroup = 558B7A69287DA2BC000DCDBB;
			productRefGroup = 558B7A73287DA2BC000DCDBB /* Products */;
			projectDirPath = "";
			projectRoot = "";
			targets = (
				558B7A71287DA2BC000DCDBB /* SwiftNavigation */,
			);
		};
/* End PBXProject section */

/* Begin PBXResourcesBuildPhase section */
		558B7A70287DA2BC000DCDBB /* Resources */ = {
			isa = PBXResourcesBuildPhase;
			buildActionMask = 2147483647;
			files = (
				558B7A82287DA2C0000DCDBB /* LaunchScreen.storyboard in Resources */,
				558B7A7F287DA2C0000DCDBB /* Assets.xcassets in Resources */,
				558B7A7D287DA2BC000DCDBB /* Main.storyboard in Resources */,
			);
			runOnlyForDeploymentPostprocessing = 0;
		};
/* End PBXResourcesBuildPhase section */

/* Begin PBXSourcesBuildPhase section */
		558B7A6E287DA2BC000DCDBB /* Sources */ = {
			isa = PBXSourcesBuildPhase;
			buildActionMask = 2147483647;
			files = (
				558B7A7A287DA2BC000DCDBB /* ViewController.swift in Sources */,
				558B7A8C287DA8D0000DCDBB /* ThirdController.swift in Sources */,
				558B7A76287DA2BC000DCDBB /* AppDelegate.swift in Sources */,
				558B7A8E287DB49B000DCDBB /* NoStoryBoardController.swift in Sources */,
				558B7A90287DC078000DCDBB /* AvecNavController.swift in Sources */,
				558B7A78287DA2BC000DCDBB /* SceneDelegate.swift in Sources */,
				558B7A8A287DA535000DCDBB /* SimpleController.swift in Sources */,
			);
			runOnlyForDeploymentPostprocessing = 0;
		};
/* End PBXSourcesBuildPhase section */

/* Begin PBXVariantGroup section */
		558B7A7B287DA2BC000DCDBB /* Main.storyboard */ = {
			isa = PBXVariantGroup;
			children = (
				558B7A7C287DA2BC000DCDBB /* Base */,
			);
			name = Main.storyboard;
			sourceTree = "<group>";
		};
		558B7A80287DA2C0000DCDBB /* LaunchScreen.storyboard */ = {
			isa = PBXVariantGroup;
			children = (
				558B7A81287DA2C0000DCDBB /* Base */,
			);
			name = LaunchScreen.storyboard;
			sourceTree = "<group>";
		};
/* End PBXVariantGroup section */

/* Begin XCBuildConfiguration section */
		558B7A84287DA2C0000DCDBB /* Debug */ = {
			isa = XCBuildConfiguration;
			buildSettings = {
				ALWAYS_SEARCH_USER_PATHS = NO;
				CLANG_ANALYZER_NONNULL = YES;
				CLANG_ANALYZER_NUMBER_OBJECT_CONVERSION = YES_AGGRESSIVE;
				CLANG_CXX_LANGUAGE_STANDARD = "gnu++17";
				CLANG_ENABLE_MODULES = YES;
				CLANG_ENABLE_OBJC_ARC = YES;
				CLANG_ENABLE_OBJC_WEAK = YES;
				CLANG_WARN_BLOCK_CAPTURE_AUTORELEASING = YES;
				CLANG_WARN_BOOL_CONVERSION = YES;
				CLANG_WARN_COMMA = YES;
				CLANG_WARN_CONSTANT_CONVERSION = YES;
				CLANG_WARN_DEPRECATED_OBJC_IMPLEMENTATIONS = YES;
				CLANG_WARN_DIRECT_OBJC_ISA_USAGE = YES_ERROR;
				CLANG_WARN_DOCUMENTATION_COMMENTS = YES;
				CLANG_WARN_EMPTY_BODY = YES;
				CLANG_WARN_ENUM_CONVERSION = YES;
				CLANG_WARN_INFINITE_RECURSION = YES;
				CLANG_WARN_INT_CONVERSION = YES;
				CLANG_WARN_NON_LITERAL_NULL_CONVERSION = YES;
				CLANG_WARN_OBJC_IMPLICIT_RETAIN_SELF = YES;
				CLANG_WARN_OBJC_LITERAL_CONVERSION = YES;
				CLANG_WARN_OBJC_ROOT_CLASS = YES_ERROR;
				CLANG_WARN_QUOTED_INCLUDE_IN_FRAMEWORK_HEADER = YES;
				CLANG_WARN_RANGE_LOOP_ANALYSIS = YES;
				CLANG_WARN_STRICT_PROTOTYPES = YES;
				CLANG_WARN_SUSPICIOUS_MOVE = YES;
				CLANG_WARN_UNGUARDED_AVAILABILITY = YES_AGGRESSIVE;
				CLANG_WARN_UNREACHABLE_CODE = YES;
				CLANG_WARN__DUPLICATE_METHOD_MATCH = YES;
				COPY_PHASE_STRIP = NO;
				DEBUG_INFORMATION_FORMAT = dwarf;
				ENABLE_STRICT_OBJC_MSGSEND = YES;
				ENABLE_TESTABILITY = YES;
				GCC_C_LANGUAGE_STANDARD = gnu11;
				GCC_DYNAMIC_NO_PIC = NO;
				GCC_NO_COMMON_BLOCKS = YES;
				GCC_OPTIMIZATION_LEVEL = 0;
				GCC_PREPROCESSOR_DEFINITIONS = (
					"DEBUG=1",
					"$(inherited)",
				);
				GCC_WARN_64_TO_32_BIT_CONVERSION = YES;
				GCC_WARN_ABOUT_RETURN_TYPE = YES_ERROR;
				GCC_WARN_UNDECLARED_SELECTOR = YES;
				GCC_WARN_UNINITIALIZED_AUTOS = YES_AGGRESSIVE;
				GCC_WARN_UNUSED_FUNCTION = YES;
				GCC_WARN_UNUSED_VARIABLE = YES;
				IPHONEOS_DEPLOYMENT_TARGET = 15.5;
				MTL_ENABLE_DEBUG_INFO = INCLUDE_SOURCE;
				MTL_FAST_MATH = YES;
				ONLY_ACTIVE_ARCH = YES;
				SDKROOT = iphoneos;
				SWIFT_ACTIVE_COMPILATION_CONDITIONS = DEBUG;
				SWIFT_OPTIMIZATION_LEVEL = "-Onone";
			};
			name = Debug;
		};
		558B7A85287DA2C0000DCDBB /* Release */ = {
			isa = XCBuildConfiguration;
			buildSettings = {
				ALWAYS_SEARCH_USER_PATHS = NO;
				CLANG_ANALYZER_NONNULL = YES;
				CLANG_ANALYZER_NUMBER_OBJECT_CONVERSION = YES_AGGRESSIVE;
				CLANG_CXX_LANGUAGE_STANDARD = "gnu++17";
				CLANG_ENABLE_MODULES = YES;
				CLANG_ENABLE_OBJC_ARC = YES;
				CLANG_ENABLE_OBJC_WEAK = YES;
				CLANG_WARN_BLOCK_CAPTURE_AUTORELEASING = YES;
				CLANG_WARN_BOOL_CONVERSION = YES;
				CLANG_WARN_COMMA = YES;
				CLANG_WARN_CONSTANT_CONVERSION = YES;
				CLANG_WARN_DEPRECATED_OBJC_IMPLEMENTATIONS = YES;
				CLANG_WARN_DIRECT_OBJC_ISA_USAGE = YES_ERROR;
				CLANG_WARN_DOCUMENTATION_COMMENTS = YES;
				CLANG_WARN_EMPTY_BODY = YES;
				CLANG_WARN_ENUM_CONVERSION = YES;
				CLANG_WARN_INFINITE_RECURSION = YES;
				CLANG_WARN_INT_CONVERSION = YES;
				CLANG_WARN_NON_LITERAL_NULL_CONVERSION = YES;
				CLANG_WARN_OBJC_IMPLICIT_RETAIN_SELF = YES;
				CLANG_WARN_OBJC_LITERAL_CONVERSION = YES;
				CLANG_WARN_OBJC_ROOT_CLASS = YES_ERROR;
				CLANG_WARN_QUOTED_INCLUDE_IN_FRAMEWORK_HEADER = YES;
				CLANG_WARN_RANGE_LOOP_ANALYSIS = YES;
				CLANG_WARN_STRICT_PROTOTYPES = YES;
				CLANG_WARN_SUSPICIOUS_MOVE = YES;
				CLANG_WARN_UNGUARDED_AVAILABILITY = YES_AGGRESSIVE;
				CLANG_WARN_UNREACHABLE_CODE = YES;
				CLANG_WARN__DUPLICATE_METHOD_MATCH = YES;
				COPY_PHASE_STRIP = NO;
				DEBUG_INFORMATION_FORMAT = "dwarf-with-dsym";
				ENABLE_NS_ASSERTIONS = NO;
				ENABLE_STRICT_OBJC_MSGSEND = YES;
				GCC_C_LANGUAGE_STANDARD = gnu11;
				GCC_NO_COMMON_BLOCKS = YES;
				GCC_WARN_64_TO_32_BIT_CONVERSION = YES;
				GCC_WARN_ABOUT_RETURN_TYPE = YES_ERROR;
				GCC_WARN_UNDECLARED_SELECTOR = YES;
				GCC_WARN_UNINITIALIZED_AUTOS = YES_AGGRESSIVE;
				GCC_WARN_UNUSED_FUNCTION = YES;
				GCC_WARN_UNUSED_VARIABLE = YES;
				IPHONEOS_DEPLOYMENT_TARGET = 15.5;
				MTL_ENABLE_DEBUG_INFO = NO;
				MTL_FAST_MATH = YES;
				SDKROOT = iphoneos;
				SWIFT_COMPILATION_MODE = wholemodule;
				SWIFT_OPTIMIZATION_LEVEL = "-O";
				VALIDATE_PRODUCT = YES;
			};
			name = Release;
		};
		558B7A87287DA2C0000DCDBB /* Debug */ = {
			isa = XCBuildConfiguration;
			buildSettings = {
				ASSETCATALOG_COMPILER_APPICON_NAME = AppIcon;
				ASSETCATALOG_COMPILER_GLOBAL_ACCENT_COLOR_NAME = AccentColor;
				CODE_SIGN_STYLE = Automatic;
				CURRENT_PROJECT_VERSION = 1;
				DEVELOPMENT_TEAM = 3MJ86C3684;
				GENERATE_INFOPLIST_FILE = YES;
				INFOPLIST_FILE = SwiftNavigation/Info.plist;
				INFOPLIST_KEY_UIApplicationSupportsIndirectInputEvents = YES;
				INFOPLIST_KEY_UILaunchStoryboardName = LaunchScreen;
				INFOPLIST_KEY_UIMainStoryboardFile = Main;
				INFOPLIST_KEY_UISupportedInterfaceOrientations_iPad = "UIInterfaceOrientationPortrait UIInterfaceOrientationPortraitUpsideDown UIInterfaceOrientationLandscapeLeft UIInterfaceOrientationLandscapeRight";
				INFOPLIST_KEY_UISupportedInterfaceOrientations_iPhone = "UIInterfaceOrientationPortrait UIInterfaceOrientationLandscapeLeft UIInterfaceOrientationLandscapeRight";
				LD_RUNPATH_SEARCH_PATHS = (
					"$(inherited)",
					"@executable_path/Frameworks",
				);
				MARKETING_VERSION = 1.0;
				PRODUCT_BUNDLE_IDENTIFIER = "com-hakan-kenter.SwiftNavigation";
				PRODUCT_NAME = "$(TARGET_NAME)";
				SWIFT_EMIT_LOC_STRINGS = YES;
				SWIFT_VERSION = 5.0;
				TARGETED_DEVICE_FAMILY = "1,2";
			};
			name = Debug;
		};
		558B7A88287DA2C0000DCDBB /* Release */ = {
			isa = XCBuildConfiguration;
			buildSettings = {
				ASSETCATALOG_COMPILER_APPICON_NAME = AppIcon;
				ASSETCATALOG_COMPILER_GLOBAL_ACCENT_COLOR_NAME = AccentColor;
				CODE_SIGN_STYLE = Automatic;
				CURRENT_PROJECT_VERSION = 1;
				DEVELOPMENT_TEAM = 3MJ86C3684;
				GENERATE_INFOPLIST_FILE = YES;
				INFOPLIST_FILE = SwiftNavigation/Info.plist;
				INFOPLIST_KEY_UIApplicationSupportsIndirectInputEvents = YES;
				INFOPLIST_KEY_UILaunchStoryboardName = LaunchScreen;
				INFOPLIST_KEY_UIMainStoryboardFile = Main;
				INFOPLIST_KEY_UISupportedInterfaceOrientations_iPad = "UIInterfaceOrientationPortrait UIInterfaceOrientationPortraitUpsideDown UIInterfaceOrientationLandscapeLeft UIInterfaceOrientationLandscapeRight";
				INFOPLIST_KEY_UISupportedInterfaceOrientations_iPhone = "UIInterfaceOrientationPortrait UIInterfaceOrientationLandscapeLeft UIInterfaceOrientationLandscapeRight";
				LD_RUNPATH_SEARCH_PATHS = (
					"$(inherited)",
					"@executable_path/Frameworks",
				);
				MARKETING_VERSION = 1.0;
				PRODUCT_BUNDLE_IDENTIFIER = "com-hakan-kenter.SwiftNavigation";
				PRODUCT_NAME = "$(TARGET_NAME)";
				SWIFT_EMIT_LOC_STRINGS = YES;
				SWIFT_VERSION = 5.0;
				TARGETED_DEVICE_FAMILY = "1,2";
			};
			name = Release;
		};
/* End XCBuildConfiguration section */

/* Begin XCConfigurationList section */
		558B7A6D287DA2BC000DCDBB /* Build configuration list for PBXProject "SwiftNavigation" */ = {
			isa = XCConfigurationList;
			buildConfigurations = (
				558B7A84287DA2C0000DCDBB /* Debug */,
				558B7A85287DA2C0000DCDBB /* Release */,
			);
			defaultConfigurationIsVisible = 0;
			defaultConfigurationName = Release;
		};
		558B7A86287DA2C0000DCDBB /* Build configuration list for PBXNativeTarget "SwiftNavigation" */ = {
			isa = XCConfigurationList;
			buildConfigurations = (
				558B7A87287DA2C0000DCDBB /* Debug */,
				558B7A88287DA2C0000DCDBB /* Release */,
			);
			defaultConfigurationIsVisible = 0;
			defaultConfigurationName = Release;
		};
/* End XCConfigurationList section */
	};
	rootObject = 558B7A6A287DA2BC000DCDBB /* Project object */;
}
